
Microsoft Visual Studio Solution File, Format Version 12.00
# Visual Studio Version 16
VisualStudioVersion = 16.0.30413.136
MinimumVisualStudioVersion = 10.0.40219.1
Project("{FAE04EC0-301F-11D3-BF4B-00C04F79EFBC}") = "GitProbaConsoleApp2", "GitProbaConsoleApp2.csproj", "{947EA9AE-6534-4940-8213-25862884464C}"
EndProject
Global
	GlobalSection(SolutionConfigurationPlatforms) = preSolution
		Debug|Any CPU = Debug|Any CPU
		Release|Any CPU = Release|Any CPU
	EndGlobalSection
	GlobalSection(ProjectConfigurationPlatforms) = postSolution
		{947EA9AE-6534-4940-8213-25862884464C}.Debug|Any CPU.ActiveCfg = Debug|Any CPU
		{947EA9AE-6534-4940-8213-25862884464C}.Debug|Any CPU.Build.0 = Debug|Any CPU
		{947EA9AE-6534-4940-8213-25862884464C}.Release|Any CPU.ActiveCfg = Release|Any CPU
		{947EA9AE-6534-4940-8213-25862884464C}.Release|Any CPU.Build.0 = Release|Any CPU
	EndGlobalSection
	GlobalSection(SolutionProperties) = preSolution
		HideSolutionNode = FALSE
	EndGlobalSection
	GlobalSection(ExtensibilityGlobals) = postSolution
		SolutionGuid = {145F54A9-68B8-4729-A37B-14690C20C645}
	EndGlobalSection
EndGlobal
